
Microsoft Visual Studio Solution File, Format Version 12.00
# Visual Studio Version 17
VisualStudioVersion = 17.2.32630.192
MinimumVisualStudioVersion = 10.0.40219.1
Project("{FAE04EC0-301F-11D3-BF4B-00C04F79EFBC}") = "Assignment1Zeiss", "Assignment1Zeiss\Assignment1Zeiss.csproj", "{20E431B2-AF19-4944-99B0-24B4B8653CDA}"
EndProject
Global
	GlobalSection(SolutionConfigurationPlatforms) = preSolution
		Debug|Any CPU = Debug|Any CPU
		Release|Any CPU = Release|Any CPU
	EndGlobalSection
	GlobalSection(ProjectConfigurationPlatforms) = postSolution
		{20E431B2-AF19-4944-99B0-24B4B8653CDA}.Debug|Any CPU.ActiveCfg = Debug|Any CPU
		{20E431B2-AF19-4944-99B0-24B4B8653CDA}.Debug|Any CPU.Build.0 = Debug|Any CPU
		{20E431B2-AF19-4944-99B0-24B4B8653CDA}.Release|Any CPU.ActiveCfg = Release|Any CPU
		{20E431B2-AF19-4944-99B0-24B4B8653CDA}.Release|Any CPU.Build.0 = Release|Any CPU
	EndGlobalSection
	GlobalSection(SolutionProperties) = preSolution
		HideSolutionNode = FALSE
	EndGlobalSection
	GlobalSection(ExtensibilityGlobals) = postSolution
		SolutionGuid = {7C10F51B-4063-4F73-A6CE-783AD060ADC5}
	EndGlobalSection
EndGlobal
